
Microsoft Visual Studio Solution File, Format Version 12.00
# Visual Studio 15
Project("{FAE04EC0-301F-11D3-BF4B-00C04F79EFBC}") = "Assembly-CSharp", "Assembly-CSharp.csproj", "{4317A849-276F-6EBF-AC0E-688F813E88D2}"
EndProject
Project("{FAE04EC0-301F-11D3-BF4B-00C04F79EFBC}") = "Unity.Services.Core.Telemetry", "Unity.Services.Core.Telemetry.csproj", "{A97C283C-A066-C3A3-57B2-99179B555150}"
EndProject
Project("{FAE04EC0-301F-11D3-BF4B-00C04F79EFBC}") = "UnityEngine.TestRunner", "UnityEngine.TestRunner.csproj", "{DE347F0B-BEDE-E17A-1EF5-F412A3294690}"
EndProject
Project("{FAE04EC0-301F-11D3-BF4B-00C04F79EFBC}") = "Unity.Services.Core.Internal", "Unity.Services.Core.Internal.csproj", "{4F5FEF55-ECE0-7BD7-5C72-05917CD0580C}"
EndProject
Project("{FAE04EC0-301F-11D3-BF4B-00C04F79EFBC}") = "Unity.Timeline", "Unity.Timeline.csproj", "{92321156-632B-4080-6EA2-DB3DEE1F5D60}"
EndProject
Project("{FAE04EC0-301F-11D3-BF4B-00C04F79EFBC}") = "Assembly-CSharp-firstpass", "Assembly-CSharp-firstpass.csproj", "{09A5B1DC-91C3-57D7-B91E-87CA2E5335ED}"
EndProject
Project("{FAE04EC0-301F-11D3-BF4B-00C04F79EFBC}") = "Unity.TextMeshPro", "Unity.TextMeshPro.csproj", "{741BAF71-30C6-A8B6-9980-69A6A07AE2BE}"
EndProject
Project("{FAE04EC0-301F-11D3-BF4B-00C04F79EFBC}") = "Unity.Services.Core.Environments.Internal", "Unity.Services.Core.Environments.Internal.csproj", "{37E91C32-ACAC-E999-C1DB-9232DC01CBD2}"
EndProject
Project("{FAE04EC0-301F-11D3-BF4B-00C04F79EFBC}") = "Unity.Services.Core", "Unity.Services.Core.csproj", "{EEA679D3-04FE-4184-A2D9-FE608A4D162B}"
EndProject
Project("{FAE04EC0-301F-11D3-BF4B-00C04F79EFBC}") = "Unity.Services.Core.Configuration", "Unity.Services.Core.Configuration.csproj", "{8C56384F-A0BE-369E-8975-1C21C4844E03}"
EndProject
Project("{FAE04EC0-301F-11D3-BF4B-00C04F79EFBC}") = "Unity.Services.Core.Environments", "Unity.Services.Core.Environments.csproj", "{00F82130-B14A-8404-8E2F-F8A877C2ED83}"
EndProject
Project("{FAE04EC0-301F-11D3-BF4B-00C04F79EFBC}") = "Unity.Services.Core.Networking", "Unity.Services.Core.Networking.csproj", "{68196D66-5D94-9B7B-50E6-33432F9D10E2}"
EndProject
Project("{FAE04EC0-301F-11D3-BF4B-00C04F79EFBC}") = "Unity.Services.Core.Analytics", "Unity.Services.Core.Analytics.csproj", "{119FDE11-0AB2-A55D-3E26-FAE0248E7BC1}"
EndProject
Project("{FAE04EC0-301F-11D3-BF4B-00C04F79EFBC}") = "Unity.Services.Core.Scheduler", "Unity.Services.Core.Scheduler.csproj", "{AD610D2B-9FD8-B85C-C0B4-68C3651208AA}"
EndProject
Project("{FAE04EC0-301F-11D3-BF4B-00C04F79EFBC}") = "Unity.Services.Core.Registration", "Unity.Services.Core.Registration.csproj", "{6D5BA731-55B8-9D53-91DB-77E45E0B53F1}"
EndProject
Project("{FAE04EC0-301F-11D3-BF4B-00C04F79EFBC}") = "Unity.Services.Core.Device", "Unity.Services.Core.Device.csproj", "{6EB8F781-320E-B6C2-612C-F65837A57F29}"
EndProject
Project("{FAE04EC0-301F-11D3-BF4B-00C04F79EFBC}") = "Unity.Services.Core.Threading", "Unity.Services.Core.Threading.csproj", "{CABBE0C0-AC2B-7D78-A01F-5223C570EEE6}"
EndProject
Project("{FAE04EC0-301F-11D3-BF4B-00C04F79EFBC}") = "UnityEditor.TestRunner", "UnityEditor.TestRunner.csproj", "{E7756B0A-E173-CA98-21E1-463A34CDAF1D}"
EndProject
Project("{FAE04EC0-301F-11D3-BF4B-00C04F79EFBC}") = "Unity.PlasticSCM.Editor", "Unity.PlasticSCM.Editor.csproj", "{693BB66D-A68A-2D75-21D1-41CDD2A3A3F8}"
EndProject
Project("{FAE04EC0-301F-11D3-BF4B-00C04F79EFBC}") = "Unity.Timeline.Editor", "Unity.Timeline.Editor.csproj", "{7C42BF2C-D464-FF4A-A580-6C21DD1E8F51}"
EndProject
Project("{FAE04EC0-301F-11D3-BF4B-00C04F79EFBC}") = "Unity.VisualStudio.Editor", "Unity.VisualStudio.Editor.csproj", "{68466B90-46E3-A5D3-6818-AA806422FC9F}"
EndProject
Project("{FAE04EC0-301F-11D3-BF4B-00C04F79EFBC}") = "Unity.TextMeshPro.Editor", "Unity.TextMeshPro.Editor.csproj", "{2A3B6155-2685-4BC3-0FD9-5660A5669CA1}"
EndProject
Project("{FAE04EC0-301F-11D3-BF4B-00C04F79EFBC}") = "Unity.CollabProxy.Editor", "Unity.CollabProxy.Editor.csproj", "{AD28F609-47D0-70E5-3A60-1C9B1F3C2926}"
EndProject
Project("{FAE04EC0-301F-11D3-BF4B-00C04F79EFBC}") = "Unity.Services.Core.Editor", "Unity.Services.Core.Editor.csproj", "{6B5607DE-0C57-1E9F-98CF-E7F0B6E69467}"
EndProject
Project("{FAE04EC0-301F-11D3-BF4B-00C04F79EFBC}") = "Unity.Rider.Editor", "Unity.Rider.Editor.csproj", "{83E724CA-6E87-04D2-F869-E1C14A6BD591}"
EndProject
Project("{FAE04EC0-301F-11D3-BF4B-00C04F79EFBC}") = "Unity.VSCode.Editor", "Unity.VSCode.Editor.csproj", "{8F01D6BD-B916-0EE4-A56F-2AC8AB3D0FB5}"
EndProject
Project("{FAE04EC0-301F-11D3-BF4B-00C04F79EFBC}") = "Unity.Services.Core.Configuration.Editor", "Unity.Services.Core.Configuration.Editor.csproj", "{8C8E0831-C879-D4AE-C897-6BCC9BF4C6C0}"
EndProject
Global
	GlobalSection(SolutionConfigurationPlatforms) = preSolution
		Debug|Any CPU = Debug|Any CPU
		Release|Any CPU = Release|Any CPU
	EndGlobalSection
	GlobalSection(ProjectConfigurationPlatforms) = postSolution
		{4317A849-276F-6EBF-AC0E-688F813E88D2}.Debug|Any CPU.ActiveCfg = Debug|Any CPU
		{4317A849-276F-6EBF-AC0E-688F813E88D2}.Debug|Any CPU.Build.0 = Debug|Any CPU
		{4317A849-276F-6EBF-AC0E-688F813E88D2}.Release|Any CPU.ActiveCfg = Release|Any CPU
		{4317A849-276F-6EBF-AC0E-688F813E88D2}.Release|Any CPU.Build.0 = Release|Any CPU
		{A97C283C-A066-C3A3-57B2-99179B555150}.Debug|Any CPU.ActiveCfg = Debug|Any CPU
		{A97C283C-A066-C3A3-57B2-99179B555150}.Debug|Any CPU.Build.0 = Debug|Any CPU
		{A97C283C-A066-C3A3-57B2-99179B555150}.Release|Any CPU.ActiveCfg = Release|Any CPU
		{A97C283C-A066-C3A3-57B2-99179B555150}.Release|Any CPU.Build.0 = Release|Any CPU
		{DE347F0B-BEDE-E17A-1EF5-F412A3294690}.Debug|Any CPU.ActiveCfg = Debug|Any CPU
		{DE347F0B-BEDE-E17A-1EF5-F412A3294690}.Debug|Any CPU.Build.0 = Debug|Any CPU
		{DE347F0B-BEDE-E17A-1EF5-F412A3294690}.Release|Any CPU.ActiveCfg = Release|Any CPU
		{DE347F0B-BEDE-E17A-1EF5-F412A3294690}.Release|Any CPU.Build.0 = Release|Any CPU
		{4F5FEF55-ECE0-7BD7-5C72-05917CD0580C}.Debug|Any CPU.ActiveCfg = Debug|Any CPU
		{4F5FEF55-ECE0-7BD7-5C72-05917CD0580C}.Debug|Any CPU.Build.0 = Debug|Any CPU
		{4F5FEF55-ECE0-7BD7-5C72-05917CD0580C}.Release|Any CPU.ActiveCfg = Release|Any CPU
		{4F5FEF55-ECE0-7BD7-5C72-05917CD0580C}.Release|Any CPU.Build.0 = Release|Any CPU
		{92321156-632B-4080-6EA2-DB3DEE1F5D60}.Debug|Any CPU.ActiveCfg = Debug|Any CPU
		{92321156-632B-4080-6EA2-DB3DEE1F5D60}.Debug|Any CPU.Build.0 = Debug|Any CPU
		{92321156-632B-4080-6EA2-DB3DEE1F5D60}.Release|Any CPU.ActiveCfg = Release|Any CPU
		{92321156-632B-4080-6EA2-DB3DEE1F5D60}.Release|Any CPU.Build.0 = Release|Any CPU
		{09A5B1DC-91C3-57D7-B91E-87CA2E5335ED}.Debug|Any CPU.ActiveCfg = Debug|Any CPU
		{09A5B1DC-91C3-57D7-B91E-87CA2E5335ED}.Debug|Any CPU.Build.0 = Debug|Any CPU
		{09A5B1DC-91C3-57D7-B91E-87CA2E5335ED}.Release|Any CPU.ActiveCfg = Release|Any CPU
		{09A5B1DC-91C3-57D7-B91E-87CA2E5335ED}.Release|Any CPU.Build.0 = Release|Any CPU
		{741BAF71-30C6-A8B6-9980-69A6A07AE2BE}.Debug|Any CPU.ActiveCfg = Debug|Any CPU
		{741BAF71-30C6-A8B6-9980-69A6A07AE2BE}.Debug|Any CPU.Build.0 = Debug|Any CPU
		{741BAF71-30C6-A8B6-9980-69A6A07AE2BE}.Release|Any CPU.ActiveCfg = Release|Any CPU
		{741BAF71-30C6-A8B6-9980-69A6A07AE2BE}.Release|Any CPU.Build.0 = Release|Any CPU
		{37E91C32-ACAC-E999-C1DB-9232DC01CBD2}.Debug|Any CPU.ActiveCfg = Debug|Any CPU
		{37E91C32-ACAC-E999-C1DB-9232DC01CBD2}.Debug|Any CPU.Build.0 = Debug|Any CPU
		{37E91C32-ACAC-E999-C1DB-9232DC01CBD2}.Release|Any CPU.ActiveCfg = Release|Any CPU
		{37E91C32-ACAC-E999-C1DB-9232DC01CBD2}.Release|Any CPU.Build.0 = Release|Any CPU
		{EEA679D3-04FE-4184-A2D9-FE608A4D162B}.Debug|Any CPU.ActiveCfg = Debug|Any CPU
		{EEA679D3-04FE-4184-A2D9-FE608A4D162B}.Debug|Any CPU.Build.0 = Debug|Any CPU
		{EEA679D3-04FE-4184-A2D9-FE608A4D162B}.Release|Any CPU.ActiveCfg = Release|Any CPU
		{EEA679D3-04FE-4184-A2D9-FE608A4D162B}.Release|Any CPU.Build.0 = Release|Any CPU
		{8C56384F-A0BE-369E-8975-1C21C4844E03}.Debug|Any CPU.ActiveCfg = Debug|Any CPU
		{8C56384F-A0BE-369E-8975-1C21C4844E03}.Debug|Any CPU.Build.0 = Debug|Any CPU
		{8C56384F-A0BE-369E-8975-1C21C4844E03}.Release|Any CPU.ActiveCfg = Release|Any CPU
		{8C56384F-A0BE-369E-8975-1C21C4844E03}.Release|Any CPU.Build.0 = Release|Any CPU
		{00F82130-B14A-8404-8E2F-F8A877C2ED83}.Debug|Any CPU.ActiveCfg = Debug|Any CPU
		{00F82130-B14A-8404-8E2F-F8A877C2ED83}.Debug|Any CPU.Build.0 = Debug|Any CPU
		{00F82130-B14A-8404-8E2F-F8A877C2ED83}.Release|Any CPU.ActiveCfg = Release|Any CPU
		{00F82130-B14A-8404-8E2F-F8A877C2ED83}.Release|Any CPU.Build.0 = Release|Any CPU
		{68196D66-5D94-9B7B-50E6-33432F9D10E2}.Debug|Any CPU.ActiveCfg = Debug|Any CPU
		{68196D66-5D94-9B7B-50E6-33432F9D10E2}.Debug|Any CPU.Build.0 = Debug|Any CPU
		{68196D66-5D94-9B7B-50E6-33432F9D10E2}.Release|Any CPU.ActiveCfg = Release|Any CPU
		{68196D66-5D94-9B7B-50E6-33432F9D10E2}.Release|Any CPU.Build.0 = Release|Any CPU
		{119FDE11-0AB2-A55D-3E26-FAE0248E7BC1}.Debug|Any CPU.ActiveCfg = Debug|Any CPU
		{119FDE11-0AB2-A55D-3E26-FAE0248E7BC1}.Debug|Any CPU.Build.0 = Debug|Any CPU
		{119FDE11-0AB2-A55D-3E26-FAE0248E7BC1}.Release|Any CPU.ActiveCfg = Release|Any CPU
		{119FDE11-0AB2-A55D-3E26-FAE0248E7BC1}.Release|Any CPU.Build.0 = Release|Any CPU
		{AD610D2B-9FD8-B85C-C0B4-68C3651208AA}.Debug|Any CPU.ActiveCfg = Debug|Any CPU
		{AD610D2B-9FD8-B85C-C0B4-68C3651208AA}.Debug|Any CPU.Build.0 = Debug|Any CPU
		{AD610D2B-9FD8-B85C-C0B4-68C3651208AA}.Release|Any CPU.ActiveCfg = Release|Any CPU
		{AD610D2B-9FD8-B85C-C0B4-68C3651208AA}.Release|Any CPU.Build.0 = Release|Any CPU
		{6D5BA731-55B8-9D53-91DB-77E45E0B53F1}.Debug|Any CPU.ActiveCfg = Debug|Any CPU
		{6D5BA731-55B8-9D53-91DB-77E45E0B53F1}.Debug|Any CPU.Build.0 = Debug|Any CPU
		{6D5BA731-55B8-9D53-91DB-77E45E0B53F1}.Release|Any CPU.ActiveCfg = Release|Any CPU
		{6D5BA731-55B8-9D53-91DB-77E45E0B53F1}.Release|Any CPU.Build.0 = Release|Any CPU
		{6EB8F781-320E-B6C2-612C-F65837A57F29}.Debug|Any CPU.ActiveCfg = Debug|Any CPU
		{6EB8F781-320E-B6C2-612C-F65837A57F29}.Debug|Any CPU.Build.0 = Debug|Any CPU
		{6EB8F781-320E-B6C2-612C-F65837A57F29}.Release|Any CPU.ActiveCfg = Release|Any CPU
		{6EB8F781-320E-B6C2-612C-F65837A57F29}.Release|Any CPU.Build.0 = Release|Any CPU
		{CABBE0C0-AC2B-7D78-A01F-5223C570EEE6}.Debug|Any CPU.ActiveCfg = Debug|Any CPU
		{CABBE0C0-AC2B-7D78-A01F-5223C570EEE6}.Debug|Any CPU.Build.0 = Debug|Any CPU
		{CABBE0C0-AC2B-7D78-A01F-5223C570EEE6}.Release|Any CPU.ActiveCfg = Release|Any CPU
		{CABBE0C0-AC2B-7D78-A01F-5223C570EEE6}.Release|Any CPU.Build.0 = Release|Any CPU
		{E7756B0A-E173-CA98-21E1-463A34CDAF1D}.Debug|Any CPU.ActiveCfg = Debug|Any CPU
		{E7756B0A-E173-CA98-21E1-463A34CDAF1D}.Debug|Any CPU.Build.0 = Debug|Any CPU
		{E7756B0A-E173-CA98-21E1-463A34CDAF1D}.Release|Any CPU.ActiveCfg = Release|Any CPU
		{E7756B0A-E173-CA98-21E1-463A34CDAF1D}.Release|Any CPU.Build.0 = Release|Any CPU
		{693BB66D-A68A-2D75-21D1-41CDD2A3A3F8}.Debug|Any CPU.ActiveCfg = Debug|Any CPU
		{693BB66D-A68A-2D75-21D1-41CDD2A3A3F8}.Debug|Any CPU.Build.0 = Debug|Any CPU
		{693BB66D-A68A-2D75-21D1-41CDD2A3A3F8}.Release|Any CPU.ActiveCfg = Release|Any CPU
		{693BB66D-A68A-2D75-21D1-41CDD2A3A3F8}.Release|Any CPU.Build.0 = Release|Any CPU
		{7C42BF2C-D464-FF4A-A580-6C21DD1E8F51}.Debug|Any CPU.ActiveCfg = Debug|Any CPU
		{7C42BF2C-D464-FF4A-A580-6C21DD1E8F51}.Debug|Any CPU.Build.0 = Debug|Any CPU
		{7C42BF2C-D464-FF4A-A580-6C21DD1E8F51}.Release|Any CPU.ActiveCfg = Release|Any CPU
		{7C42BF2C-D464-FF4A-A580-6C21DD1E8F51}.Release|Any CPU.Build.0 = Release|Any CPU
		{68466B90-46E3-A5D3-6818-AA806422FC9F}.Debug|Any CPU.ActiveCfg = Debug|Any CPU
		{68466B90-46E3-A5D3-6818-AA806422FC9F}.Debug|Any CPU.Build.0 = Debug|Any CPU
		{68466B90-46E3-A5D3-6818-AA806422FC9F}.Release|Any CPU.ActiveCfg = Release|Any CPU
		{68466B90-46E3-A5D3-6818-AA806422FC9F}.Release|Any CPU.Build.0 = Release|Any CPU
		{2A3B6155-2685-4BC3-0FD9-5660A5669CA1}.Debug|Any CPU.ActiveCfg = Debug|Any CPU
		{2A3B6155-2685-4BC3-0FD9-5660A5669CA1}.Debug|Any CPU.Build.0 = Debug|Any CPU
		{2A3B6155-2685-4BC3-0FD9-5660A5669CA1}.Release|Any CPU.ActiveCfg = Release|Any CPU
		{2A3B6155-2685-4BC3-0FD9-5660A5669CA1}.Release|Any CPU.Build.0 = Release|Any CPU
		{AD28F609-47D0-70E5-3A60-1C9B1F3C2926}.Debug|Any CPU.ActiveCfg = Debug|Any CPU
		{AD28F609-47D0-70E5-3A60-1C9B1F3C2926}.Debug|Any CPU.Build.0 = Debug|Any CPU
		{AD28F609-47D0-70E5-3A60-1C9B1F3C2926}.Release|Any CPU.ActiveCfg = Release|Any CPU
		{AD28F609-47D0-70E5-3A60-1C9B1F3C2926}.Release|Any CPU.Build.0 = Release|Any CPU
		{6B5607DE-0C57-1E9F-98CF-E7F0B6E69467}.Debug|Any CPU.ActiveCfg = Debug|Any CPU
		{6B5607DE-0C57-1E9F-98CF-E7F0B6E69467}.Debug|Any CPU.Build.0 = Debug|Any CPU
		{6B5607DE-0C57-1E9F-98CF-E7F0B6E69467}.Release|Any CPU.ActiveCfg = Release|Any CPU
		{6B5607DE-0C57-1E9F-98CF-E7F0B6E69467}.Release|Any CPU.Build.0 = Release|Any CPU
		{83E724CA-6E87-04D2-F869-E1C14A6BD591}.Debug|Any CPU.ActiveCfg = Debug|Any CPU
		{83E724CA-6E87-04D2-F869-E1C14A6BD591}.Debug|Any CPU.Build.0 = Debug|Any CPU
		{83E724CA-6E87-04D2-F869-E1C14A6BD591}.Release|Any CPU.ActiveCfg = Release|Any CPU
		{83E724CA-6E87-04D2-F869-E1C14A6BD591}.Release|Any CPU.Build.0 = Release|Any CPU
		{8F01D6BD-B916-0EE4-A56F-2AC8AB3D0FB5}.Debug|Any CPU.ActiveCfg = Debug|Any CPU
		{8F01D6BD-B916-0EE4-A56F-2AC8AB3D0FB5}.Debug|Any CPU.Build.0 = Debug|Any CPU
		{8F01D6BD-B916-0EE4-A56F-2AC8AB3D0FB5}.Release|Any CPU.ActiveCfg = Release|Any CPU
		{8F01D6BD-B916-0EE4-A56F-2AC8AB3D0FB5}.Release|Any CPU.Build.0 = Release|Any CPU
		{8C8E0831-C879-D4AE-C897-6BCC9BF4C6C0}.Debug|Any CPU.ActiveCfg = Debug|Any CPU
		{8C8E0831-C879-D4AE-C897-6BCC9BF4C6C0}.Debug|Any CPU.Build.0 = Debug|Any CPU
		{8C8E0831-C879-D4AE-C897-6BCC9BF4C6C0}.Release|Any CPU.ActiveCfg = Release|Any CPU
		{8C8E0831-C879-D4AE-C897-6BCC9BF4C6C0}.Release|Any CPU.Build.0 = Release|Any CPU
	EndGlobalSection
	GlobalSection(SolutionProperties) = preSolution
		HideSolutionNode = FALSE
	EndGlobalSection
EndGlobal
